{
  "name": "dicom-sr-parser",
  "version": "1.0.0",
  "lockfileVersion": 3,
  "requires": true,
  "packages": {
    "": {
      "name": "dicom-sr-parser",
      "version": "1.0.0",
      "license": "MIT",
      "dependencies": {
        "dicom-parser": "^1.8.21"
      }
    },
    "node_modules/dicom-parser": {
      "version": "1.8.21",
      "resolved": "https://registry.npmjs.org/dicom-parser/-/dicom-parser-1.8.21.tgz",
      "integrity": "sha512-lYCweHQDsC8UFpXErPlg86Px2A8bay0HiUY+wzoG3xv5GzgqVHU3lziwSc/Gzn7VV7y2KeP072SzCviuOoU02w=="
    }
  }
}
